
Microsoft Visual Studio Solution File, Format Version 12.00
# Visual Studio 15
VisualStudioVersion = 15.0.28307.1684
MinimumVisualStudioVersion = 10.0.40219.1
Project("{FAE04EC0-301F-11D3-BF4B-00C04F79EFBC}") = "ContrastechLightController", "ContrastechLightController\ContrastechLightController.csproj", "{4284EE6C-A223-4EDB-BF0F-E486F7C32998}"
EndProject
Global
	GlobalSection(SolutionConfigurationPlatforms) = preSolution
		Debug|Any CPU = Debug|Any CPU
		Release|Any CPU = Release|Any CPU
	EndGlobalSection
	GlobalSection(ProjectConfigurationPlatforms) = postSolution
		{4284EE6C-A223-4EDB-BF0F-E486F7C32998}.Debug|Any CPU.ActiveCfg = Debug|Any CPU
		{4284EE6C-A223-4EDB-BF0F-E486F7C32998}.Debug|Any CPU.Build.0 = Debug|Any CPU
		{4284EE6C-A223-4EDB-BF0F-E486F7C32998}.Release|Any CPU.ActiveCfg = Release|Any CPU
		{4284EE6C-A223-4EDB-BF0F-E486F7C32998}.Release|Any CPU.Build.0 = Release|Any CPU
	EndGlobalSection
	GlobalSection(SolutionProperties) = preSolution
		HideSolutionNode = FALSE
	EndGlobalSection
	GlobalSection(ExtensibilityGlobals) = postSolution
		SolutionGuid = {ED130E9B-EB61-48DB-ADD5-6C2E310FA2D2}
	EndGlobalSection
EndGlobal
